
Microsoft Visual Studio Solution File, Format Version 12.00
# Visual Studio Version 17
VisualStudioVersion = 17.0.32112.339
MinimumVisualStudioVersion = 10.0.40219.1
Project("{FAE04EC0-301F-11D3-BF4B-00C04F79EFBC}") = "CHETUPROJECT", "CHETUPROJECT\CHETUPROJECT.csproj", "{E7F6E808-4AE3-45E0-A50A-B2338231F52D}"
EndProject
Global
	GlobalSection(SolutionConfigurationPlatforms) = preSolution
		Debug|Any CPU = Debug|Any CPU
		Release|Any CPU = Release|Any CPU
	EndGlobalSection
	GlobalSection(ProjectConfigurationPlatforms) = postSolution
		{E7F6E808-4AE3-45E0-A50A-B2338231F52D}.Debug|Any CPU.ActiveCfg = Debug|Any CPU
		{E7F6E808-4AE3-45E0-A50A-B2338231F52D}.Debug|Any CPU.Build.0 = Debug|Any CPU
		{E7F6E808-4AE3-45E0-A50A-B2338231F52D}.Release|Any CPU.ActiveCfg = Release|Any CPU
		{E7F6E808-4AE3-45E0-A50A-B2338231F52D}.Release|Any CPU.Build.0 = Release|Any CPU
	EndGlobalSection
	GlobalSection(SolutionProperties) = preSolution
		HideSolutionNode = FALSE
	EndGlobalSection
	GlobalSection(ExtensibilityGlobals) = postSolution
		SolutionGuid = {E17D36F5-53B8-470F-B04E-40F92BA9B75D}
	EndGlobalSection
EndGlobal
